
Microsoft Visual Studio Solution File, Format Version 12.00
# Visual Studio Version 17
VisualStudioVersion = 17.0.31903.59
MinimumVisualStudioVersion = 10.0.40219.1
Project("{FAE04EC0-301F-11D3-BF4B-00C04F79EFBC}") = "CabInvoiceGenerator", "CabInvoiceGenerator\CabInvoiceGenerator.csproj", "{AD44871A-AFF4-40E4-8544-A8BC9BCAF1F4}"
EndProject
Global
	GlobalSection(SolutionConfigurationPlatforms) = preSolution
		Debug|Any CPU = Debug|Any CPU
		Release|Any CPU = Release|Any CPU
	EndGlobalSection
	GlobalSection(ProjectConfigurationPlatforms) = postSolution
		{AD44871A-AFF4-40E4-8544-A8BC9BCAF1F4}.Debug|Any CPU.ActiveCfg = Debug|Any CPU
		{AD44871A-AFF4-40E4-8544-A8BC9BCAF1F4}.Debug|Any CPU.Build.0 = Debug|Any CPU
		{AD44871A-AFF4-40E4-8544-A8BC9BCAF1F4}.Release|Any CPU.ActiveCfg = Release|Any CPU
		{AD44871A-AFF4-40E4-8544-A8BC9BCAF1F4}.Release|Any CPU.Build.0 = Release|Any CPU
	EndGlobalSection
	GlobalSection(SolutionProperties) = preSolution
		HideSolutionNode = FALSE
	EndGlobalSection
	GlobalSection(ExtensibilityGlobals) = postSolution
		SolutionGuid = {847A8B00-D09F-4295-81B8-42D72A76181B}
	EndGlobalSection
EndGlobal
